{
    "_meta": {
        "hash": {
            "sha256": "2b812b3461b721d1268087577ea0106390e55de250b906c2421843735b7893e7"
        },
        "pipfile-spec": 6,
        "requires": {
            "python_version": "3.6"
        },
        "sources": [
            {
                "name": "pypi",
                "url": "https://pypi.org/simple",
                "verify_ssl": true
            }
        ]
    },
    "default": {
        "enum34": {
            "hashes": [
                "sha256:2d81cbbe0e73112bdfe6ef8576f2238f2ba27dd0d55752a776c41d38b7da2850",
                "sha256:644837f692e5f550741432dd3f223bbb9852018674981b1664e5dc339387588a",
                "sha256:6bd0f6ad48ec2aa117d3d141940d484deccda84d4fcd884f5c3d93c23ecd8c79",
                "sha256:8ad8c4783bf61ded74527bffb48ed9b54166685e4230386a9ed9b1279e2df5b1"
            ],
            "version": "==1.1.6"
        },
        "future": {
            "hashes": [
                "sha256:e39ced1ab767b5936646cedba8bcce582398233d6a627067d4c6a454c90cfedb"
            ],
            "version": "==0.16.0"
        },
        "num2words": {
            "hashes": [
                "sha256:529017394eef84daf63bb57e837fe2fb81363d1b06f6114e86608dae7ceb11ee",
                "sha256:aea26c2d11d636f0e9da094f2bf55ac94cb1c380ff1f86e8db22c210e5a6a05f"
            ],
            "version": "==0.5.6"
        },
        "numpy": {
            "hashes": [
                "sha256:1479b46b6040b5c689831496354c8859c456b152d37315673a0c18720b41223b",
                "sha256:194074058c22a4066e1b6a4ea432486ee468d24ab16f13630c1030409e6b8666",
                "sha256:24bbec9a199f938eab75de8390f410969bc33c218e5430fa1ae9401b00865255",
                "sha256:289ff717138cd9aa133adcbd3c3e284458b9c8230db4d42b39083a3407370317",
                "sha256:3de643935b212307b420248018323a44ec51987a336d1d747c1322afc3c099fb",
                "sha256:428cd3c0b197cf857671353d8c85833193921af9fafcc169a1f29c7185833d50",
                "sha256:4e13f1a848fde960dea33702770265837c72b796a6a3eaac7528cfe75ddefadd",
                "sha256:5c54fb98ecf42da59ed93736d1c071842482b18657eb16ba6e466bd873e1b923",
                "sha256:6112f152b76a28c450bbf665da11757078a724a90330112f5b7ea2d6b6cefd67",
                "sha256:75471acf298d455b035226cc609a92aee42c4bb6aa71def85f77fa2c2b646b61",
                "sha256:781d3197da49c421a07f250750de70a52c42af08ca02a2f7bdb571c0625ae7eb",
                "sha256:7880f412543e96548374a4bb1d75e4cdb8cad80f3a101ed0f8d0e0428f719c1c",
                "sha256:7c5276763646480143d5f3a6c2acb2885460c765051a1baf4d5070f63d05010f",
                "sha256:91101216d72749df63968d86611b549438fb18af2c63849c01f9a897516133c7",
                "sha256:93b26d6c06a22e64d56aaca32aaaffd27a4143db0ac2f21a048f0b571f2bfc55",
                "sha256:97507349abb7d1f6b76b877258defe8720833881dc7e7fd052bac90c88587387",
                "sha256:98b1ac79c160e36093d7914244e40ee1e7164223e795aa2c71dcce367554e646",
                "sha256:9ddf384ac3aacb72e122a8207775cc29727cbd9c531ee1a4b95754f24f42f7f3",
                "sha256:a476e437d73e5754aa66e1e75840d0163119c3911b7361f4cd06985212a3c3fb",
                "sha256:b2547f57d05ba59df4289493254f29f4c9082d255f1f97b7e286f40f453e33a1",
                "sha256:c5eccb4bf96dbb2436c61bb3c2658139e779679b6ae0d04c5e268e6608b58053",
                "sha256:eef6af1c752eef538a96018ef9bdf8e37bbf28aab50a1436501a4aa47a6467df",
                "sha256:ff8a4b2c3ac831964f529a2da506c28d002562b230261ae5c16885f5f53d2e75"
            ],
            "version": "==1.14.0"
        },
        "pygments": {
            "hashes": [
                "sha256:78f3f434bcc5d6ee09020f92ba487f95ba50f1e3ef83ae96b9d5ffa1bab25c5d",
                "sha256:dbae1046def0efb574852fab9e90209b23f556367b5a320c0bcb871c77c3e8cc"
            ],
            "version": "==2.2.0"
        },
        "python-crfsuite": {
            "hashes": [
                "sha256:03c9415ce3e3e9d13e4df67c5fd4044d94039c4dec0f7e8446a303c2ea2356bf",
                "sha256:10d84507d96d2870fba053d6659170113675762745e715befe0d9671d8988098",
                "sha256:19882b03d26abe075c280f3450829f520a36d17a050621e48109094ea94f4965",
                "sha256:2248ee8004e8b182b58e933530f42dc294965be6b1141a30a27f55b7cff24015",
                "sha256:2be069bd54907c457f8067fec28b38bef01019c19f6200d25e987213bcb66e1c",
                "sha256:2e1cdceca173cf73360220737648acf87244c1ae98eebf9f41d7a86035d4eaac",
                "sha256:349d3c0f1cb2e395a7064e96701329d794b09d42c4c9177d2a3e3bd9e0e6635e",
                "sha256:3b36da634400dd1557bb947ddf009e6328e7ef76332054f6484e8cec6993b86e",
                "sha256:470220d0f4be28769505c5cd8e2854ee25d748bc38d70f42811832031f245273",
                "sha256:47f10949a003439cdb7922b43177c96c2c1eea5c56ed2d17270c850bc86ccab3",
                "sha256:4f23a2184a4a455300b80e9c8f7604cf02ee882004472b163f5506d11754ff2a",
                "sha256:5ad7395dcce74fd07fc031f1e6c1160ff7b43ea343129caa77fb8d8afe7e2ecb",
                "sha256:5f7d97ecd1de01583bf07bd610363f0497118dc059770285966561188a2f8579",
                "sha256:607f4276025b2217e326e6c9161308fb2ad7f881665bfff072dbedae6cdc9cf8",
                "sha256:6c03fe809957eaf9333816f52dd497678a013ee918c502a7a529b191ef19c694",
                "sha256:73b57919711499d2ff32843a28b2a6c17487630ba255a6aa4a093ee0a7f3b1fa",
                "sha256:73ee6493ee1fbec9e597e220d018629302f30a06590b2155c3b07e893ae9f3bd",
                "sha256:770c8e6b42f4c13e8da0294a8fee9e2bab813b57198b9514da2497f86c95373d",
                "sha256:7861c9c7635e868c67914e77ccf757e096387edf676f78425aa05b2f8b32ced7",
                "sha256:8b656eee39d0fdea760285b574c5517d309f943be98d87e42425d332cdf687ca",
                "sha256:942aa72793dad1f9b0d65991b4386e385c4bf9248d2072e0e058f6cbb41e15dc",
                "sha256:968f8597f5df1ec54c5e72ce50775118a09f3c5737962e058f94a83da30d2a68",
                "sha256:96d0041722bfd9649b4f31971c25941cd9c01d4cbd4f774ba886ac6f77092f0b",
                "sha256:9daca96ada19b79353a022d77f38225a1dedfb632d6107a4846f8c1b5ace88a2",
                "sha256:9e18d89a1996306bf44341b55dd5cda2afa5a6aeeb4ebb99240b26bce1e89bd2",
                "sha256:a8d191eac2c7a395a74ceade0e58eea0ad5de823200b7b995ecab29295cf027b",
                "sha256:af63e6ed7635e5180bf278d0bd967097dcb295e0a58ba815a1c29d179479bfae",
                "sha256:b5c8b6a7bc194ca189db8cae6991d7fba0e1612c5c44297b989364e096a12a03",
                "sha256:b7643090e8e068ca25b5525d81a61d001e6594f6fa62452a1cb536e238b23c99",
                "sha256:bd3b5d73ca86928410473be4d3246730263a36fb0afd355f4ddec450ec5f881b",
                "sha256:c52d38b7180e19b6f5430eb76ae6fb160a5be2f5630834ea71d592bc5bff3671",
                "sha256:c94030f625e8139a41528d546c4b41cc223ee28f301af5d780eda10dcc96364c",
                "sha256:d4ce2830fd0d8ec037deefe662633935fa4a4cccc8647ac0515181c939c2184a",
                "sha256:dba43d4b1ccf1b1eb67a8adbfae788f3498e21997124010ad0f819dad3cf8b1d",
                "sha256:e419b441ba39716f1b9095dc3ed7adf3115611504d8933e973a7036ccef4168f",
                "sha256:e7b73325a5b345d10b78018d6ca123c6348825c82f3670a169143050d087ee65",
                "sha256:e91e424479ccec0038b44d5c83d60925c3d6e456018371cc2964625172e7eb64",
                "sha256:fea98866dd9cf8e1cb6f0053a1ef04497c0f56f54beda985f1a9dae83fb85594"
            ],
            "version": "==0.9.5"
        },
        "scikit-learn": {
            "hashes": [
                "sha256:13136c6e4f6b808569f7f59299d439b2cd718f85d72ea14b5b6077d44ebc7d17",
                "sha256:370919e3148253fd6552496c33a1e3d78290a336fc8d1b9349d9e9770fae6ec0",
                "sha256:3775cca4ce3f94508bb7c8a6b113044b78c16b0a30a5c169ddeb6b9fe57a8a72",
                "sha256:42f3c5bd893ed73bf47ccccf04dfb98fae743f397d688bb58c2238c0e6ec15d2",
                "sha256:56cfa19c31edf62e6414da0a337efee37a4af488b135640e67238786b9be6ab3",
                "sha256:5c9ff456d67ef9094e5ea272fff2be05d399a47fc30c6c8ed653b94bdf787bd1",
                "sha256:5ca0ad32ee04abe0d4ba02c8d89d501b4e5e0304bdf4d45c2e9875a735b323a0",
                "sha256:5db9e68a384ce80a17fc449d4d5d9b45025fe17cf468429599bf404eccb51049",
                "sha256:6e0899953611d0c47c0d49c5950082ab016b38811fced91cd2dcc889dd94f50a",
                "sha256:72c194c5092e921d6107a8de8a5adae58c35bbc54e030ba624b6f02fd823bb21",
                "sha256:871669cdb5b3481650fe3adff46eb97c455e30ecdc307eaf382ef90d4e2570ab",
                "sha256:873245b03361710f47c5410a050dc56ee8ae97b9f8dcc6e3a81521ca2b64ad10",
                "sha256:8b17fc29554c5c98d88142f895516a5bec2b6b61daa815e1193a64c868ad53d2",
                "sha256:95b155ef6bf829ddfba6026f100ba8e4218b7171ecab97b2163bc9e8d206848f",
                "sha256:a21cf8217e31a9e8e32c559246e05e6909981816152406945ae2e3e244dfcc1f",
                "sha256:a58746d4f389ea7df1d908dba8b52f709835f91c342f459a3ade5424330c69d1",
                "sha256:b2a10e2f9b73de10d8486f7a23549093436062b69139158802910a0f154aa53b",
                "sha256:ba3fd442ae1a46830789b3578867daaf2c8409dcca6bf192e30e85beeabbfc2f",
                "sha256:ce78bf4d10bd7e28807c36c6d2ab25a9934aaf80906ad987622a5e45627d91a2",
                "sha256:d384e6f9a055b7a43492f9d27779adb717eb5dcf78b0603b01d0f070a608d241",
                "sha256:d4da369614e55540c7e830ccdd17ab4fe5412ff8e803a4906d3ece393e2e3a63",
                "sha256:ddc1eb10138ae93c136cc4b5945d3977f302b5d693592a4731b2805a7d7f2a74",
                "sha256:e54a3dd1fe1f8124de90b93c48d120e6da2ea8df29b6895325df01ddc1bd8e26",
                "sha256:ee8c3b1898c728b6e5b5659c233f547700a1fea13ce876b6fe7d3434c70cc0e0",
                "sha256:f528c4b2bba652cf116f5cccf36f4db95a7f9cbfcd1ee549c4e8d0f8628783b5",
                "sha256:f9abae483f4d52acd6f660addb1b67e35dc5748655250af479de2ea6aefc6df0",
                "sha256:fdc39e89bd3466befb76dfc0c258d4ccad159df974954a87de3be5759172a067"
            ],
            "version": "==0.19.1"
        },
        "scipy": {
            "hashes": [
                "sha256:01c7040a83eb4e020ab729488637dcadef54cb728b035b76668ab92a72515d60",
                "sha256:046705c604c6f1d63cad3e89677c0618b7abb40ed09a4c241c671a2d8e5128a9",
                "sha256:08041e5336fcd57defcc78650b44b3df652eff3e3a801638d894e50494fb630d",
                "sha256:1f58fbd59e8d9652759df0d137832ff2a325ed708c173cba20c86589d811c210",
                "sha256:23a7238279ae94e088396b8b05a9795ef598dc79c5cd1adb91ad1ff87c7514fd",
                "sha256:3b66d5e40152175bca75cbbfd1eb5c108c50de9ae5625923f1c4f8f51cbe2dea",
                "sha256:424500b2fe573d30de6dea927076c01acaadb3efb3d1f40340e8cc37151ccf27",
                "sha256:5774adb6047983489bc81edaa72cd132e665e5680f0b2cf8ea28cd3b99e65d39",
                "sha256:5964dba6a3c0be226d44d2520de8fb4ba1501768bad57eec687d36d3f53b6254",
                "sha256:70e6fc3f2f52c9152f05e27eb9bd8543cb862cacb71f8521a571e4ffb837f450",
                "sha256:87ea1f11a0e9ec08c264dc64551d501fa307289460705f6fccd84cbfc7926d10",
                "sha256:889602ead28054a15e8c26e1a6b8420d5a4fa777cfeb3ec98cfa52b9f317d153",
                "sha256:912499ddb521b7ac6287ac4ccf5f296a83d38996c2d04f43c9e62a91f7b420aa",
                "sha256:97123a25216616723083942eb595f47fee18da6b637a88b803de5f078009003c",
                "sha256:9bd193686fd837472bdb6425486cb234ed0a4db76b930c141cc8d095ab213c8d",
                "sha256:a79b99b8b5af9a63312bd053bbb7bdb7710e6bbb9cc81617f9f6b9b1e49c72f8",
                "sha256:a9e479648aab5f36330da94f351ebbfe79acb4e6f5e6ac6aeddc9291eb096839",
                "sha256:bf36f3485e7b7291c36330a93bbfd4f5e8db23bbe4ea46c37b2839fef463f4e2",
                "sha256:cd23894e1cc6eaa00e6807b6b12e4ca66d5ff092986c9c3eb01e97f24e2d6462",
                "sha256:d84df0bc86bbdd49f0a6b6bad5cd62ccb02a3bfe546bf79263de44ae081bcd7b",
                "sha256:e3a5673c105eab802fdecb77f102d877352e201df9328698a265b7f57546b34b",
                "sha256:fa17be6c66985931d3a391f61a6ba97c902585cf26020aa3eb24604115732d22",
                "sha256:ff8b6637d8d2c074ed67f3d57513e62f94747c6f1210f43e60ad3d8e93a424e4"
            ],
            "version": "==1.0.0"
        },
        "semantic-version": {
            "hashes": [
                "sha256:2a4328680073e9b243667b201119772aefc5fc63ae32398d6afafff07c4f54c0",
                "sha256:2d06ab7372034bcb8b54f2205370f4aa0643c133b7e6dbd129c5200b83ab394b"
            ],
            "version": "==2.6.0"
        },
        "six": {
            "hashes": [
                "sha256:70e8a77beed4562e7f14fe23a786b54f6296e34344c23bc42f07b15018ff98e9",
                "sha256:832dc0e10feb1aa2c68dcc57dbb658f1c7e65b9b61af69048abc87a2db00a0eb"
            ],
            "version": "==1.11.0"
        },
        "sklearn-crfsuite": {
            "hashes": [
                "sha256:2f59aad3055e01a778a79a6352891cac04788e8b52688aa5bc8b11be7717861e",
                "sha256:6e9a42bc3de96941d5f7262335130955b8c380b1356147622368f385075705d9"
            ],
            "version": "==0.3.6"
        },
        "snips-nlu": {
            "hashes": [
                "sha256:31511d29c416c5d8edf15583d86b22957b6d5e9a9a3f090738e1173b4b6a6a03",
                "sha256:f8fad05e02116e10d0a44f67a2299451840c44be9f53a65ce8a78ba2bbb0ea9a"
            ],
            "index": "pypi",
            "version": "==0.13.3"
        },
        "snips-nlu-ontology": {
            "hashes": [
                "sha256:2b5cd83b17ac06a9b820f9ed6bc24c36935a5424e5e9e69828000fe05a379744",
                "sha256:3e359e8b7f56f131957da22d1369a3b64379dabb4289a9e75320bf73222fbf98",
                "sha256:511c2f08854eeb52a17682e4058de4d13f3dea0732d6ebf85edf552fdc2f2c15",
                "sha256:63309527b991c1fe3b3c2c4bdd945005f6836d0948d5a226506b75c3d87d8b82",
                "sha256:6cf295fe8c1d96e62c4f6d19693ed6512110eaabade09fbeef56f343913dff0f",
                "sha256:7b1eb5bc248d0dc6a15e22b5620d4ba01f03aebd3534ce3ac7bbeea582fc3024",
                "sha256:8ce0bab3f11021f86a49f977ae97783232c1f6f9bda143db76258fa22bad6748",
                "sha256:b59f1b5bbbbd1eddb7f9a1966e8bbad891bb417ffe9664178f389d69a1db3583",
                "sha256:bb3ae98b2eaafdc1922ae6200364084573fa700a0e4be75029074ca741c85e03",
                "sha256:e3a34f18348587ca87b2dac94479ea54ede402064037a1ec4dee553886ec9cf4",
                "sha256:edee0e96eeeb0a08131ec55811b97b271b01603e828ea4b77dce7d758e85f669"
            ],
            "version": "==0.54.3"
        },
        "snips-nlu-utils": {
            "hashes": [
                "sha256:0d4d46d686f77f3e964ce26ad3b5b156e11d9c8b3c23851be22b5faea3a11789",
                "sha256:1b2cb2f40e7e3854016ead5328090ccde8b8672cc5d6b4f00f8fc83fe5289965",
                "sha256:24f2904dcb57b5ee650242c6bc531c3e895cd43d07373d8ea0b3270205392f26",
                "sha256:2605249abae22e13bcc7307a3d03f47b0185b70781254b969cea108e1817de2c",
                "sha256:33b00cfe0fde1f48efa4d15982196e1c3cb77adaef2a3a98ef730f615b63f0b9",
                "sha256:418ee59e80498ebc692b7581fc5c97026188b94d4e07ba5dd6cc8b4482418622",
                "sha256:5942a22015d20619f94a4517e6c20db4fab03e29bc2ae5864df09856b99f7d6b",
                "sha256:6fa33a9643c0d222db80dbd2ff703172af564cc5528cfe8ec42021639aea9237",
                "sha256:947724364bb22f3afa9615327c697fbe6bc57030d473e1eba1a88469c5f81e7e",
                "sha256:a0152d17953e0619dff9cb7b0b221db36366323365422a9cdbb4aa78a9137608",
                "sha256:c031d6c7b101c39e28c9a95463c280cb52af8d156e8da355b4b5f3a58064f9a2"
            ],
            "version": "==0.6.1"
        },
        "tabulate": {
            "hashes": [
                "sha256:e4ca13f26d0a6be2a2915428dc21e732f1e44dad7f76d7030b2ef1ec251cf7f2"
            ],
            "version": "==0.8.2"
        },
        "tqdm": {
            "hashes": [
                "sha256:22c760d05b2eb6e96a91ad7ed1b03c9c97e6256fb7716410c27c2cb3265a5913",
                "sha256:d7bfa112a55290a5e2d0c3263a09b17b24240686fbf20d1ef7c5e8edfbb71ad0"
            ],
            "version": "==4.23.1"
        },
        "wheel": {
            "hashes": [
                "sha256:9515fe0a94e823fd90b08d22de45d7bde57c90edce705b22f5e1ecf7e1b653c8",
                "sha256:e721e53864f084f956f40f96124a74da0631ac13fbbd1ba99e8e2b5e9cafdf64"
            ],
            "version": "==0.30.0"
        }
    },
    "develop": {}
}
